
Microsoft Visual Studio Solution File, Format Version 12.00
# Visual Studio 2012
Project("{FAE04EC0-301F-11D3-BF4B-00C04F79EFBC}") = "DicePlus.Bindings.Xamarin.iOS", "DicePlus.Bindings.Xamarin.iOS\DicePlus.Bindings.Xamarin.iOS.csproj", "{B5425BFC-DE53-43D1-8903-0B8EB1153FC8}"
EndProject
Global
	GlobalSection(SolutionConfigurationPlatforms) = preSolution
		Debug|Any CPU = Debug|Any CPU
		Release|Any CPU = Release|Any CPU
	EndGlobalSection
	GlobalSection(ProjectConfigurationPlatforms) = postSolution
		{B5425BFC-DE53-43D1-8903-0B8EB1153FC8}.Debug|Any CPU.ActiveCfg = Debug|Any CPU
		{B5425BFC-DE53-43D1-8903-0B8EB1153FC8}.Debug|Any CPU.Build.0 = Debug|Any CPU
		{B5425BFC-DE53-43D1-8903-0B8EB1153FC8}.Release|Any CPU.ActiveCfg = Release|Any CPU
		{B5425BFC-DE53-43D1-8903-0B8EB1153FC8}.Release|Any CPU.Build.0 = Release|Any CPU
	EndGlobalSection
	GlobalSection(MonoDevelopProperties) = preSolution
		StartupItem = DicePlus.Bindings.Xamarin.iOS\DicePlus.Bindings.Xamarin.iOS.csproj
	EndGlobalSection
EndGlobal
